// !$*UTF8*$!
{
	archiveVersion = 1;
	classes = {
	};
	objectVersion = 55;
	objects = {

/* Begin PBXBuildFile section */
		3C098332285F964400E3C117 /* CurrencyChartView.swift in Sources */ = {isa = PBXBuildFile; fileRef = 3C098331285F964400E3C117 /* CurrencyChartView.swift */; };
		3C0D9872287F560A000EDAD0 /* CryptoCurrencyVM.swift in Sources */ = {isa = PBXBuildFile; fileRef = 3C0D9871287F560A000EDAD0 /* CryptoCurrencyVM.swift */; };
		3C0D9874287F5B32000EDAD0 /* FetchChartVM.swift in Sources */ = {isa = PBXBuildFile; fileRef = 3C0D9873287F5B32000EDAD0 /* FetchChartVM.swift */; };
		3C2724962872D85C00DAB17C /* StringExtension.swift in Sources */ = {isa = PBXBuildFile; fileRef = 3C2724952872D85C00DAB17C /* StringExtension.swift */; };
		3C2CFADF285CF356000EED5D /* CryptoNoobApp.swift in Sources */ = {isa = PBXBuildFile; fileRef = 3C2CFADE285CF356000EED5D /* CryptoNoobApp.swift */; };
		3C2CFAE3285CF357000EED5D /* Assets.xcassets in Resources */ = {isa = PBXBuildFile; fileRef = 3C2CFAE2285CF357000EED5D /* Assets.xcassets */; };
		3C2CFAE6285CF357000EED5D /* Preview Assets.xcassets in Resources */ = {isa = PBXBuildFile; fileRef = 3C2CFAE5285CF357000EED5D /* Preview Assets.xcassets */; };
		3C67CC51293F595C002030C9 /* WidgetKit.framework in Frameworks */ = {isa = PBXBuildFile; fileRef = 3C67CC50293F595C002030C9 /* WidgetKit.framework */; };
		3C67CC53293F595C002030C9 /* SwiftUI.framework in Frameworks */ = {isa = PBXBuildFile; fileRef = 3C67CC52293F595C002030C9 /* SwiftUI.framework */; };
		3C67CC56293F595C002030C9 /* C4FBundle.swift in Sources */ = {isa = PBXBuildFile; fileRef = 3C67CC55293F595C002030C9 /* C4FBundle.swift */; };
		3C67CC58293F595C002030C9 /* C4F.swift in Sources */ = {isa = PBXBuildFile; fileRef = 3C67CC57293F595C002030C9 /* C4F.swift */; };
		3C67CC5A293F595D002030C9 /* Assets.xcassets in Resources */ = {isa = PBXBuildFile; fileRef = 3C67CC59293F595D002030C9 /* Assets.xcassets */; };
		3C67CC5E293F595D002030C9 /* C4FExtension.appex in Embed Foundation Extensions */ = {isa = PBXBuildFile; fileRef = 3C67CC4E293F595C002030C9 /* C4FExtension.appex */; settings = {ATTRIBUTES = (RemoveHeadersOnCopy, ); }; };
		3C67CC62293F5B67002030C9 /* CryptoCurrencyVM.swift in Sources */ = {isa = PBXBuildFile; fileRef = 3C0D9871287F560A000EDAD0 /* CryptoCurrencyVM.swift */; };
		3C99C6A828648EA0007A261E /* CryptoCurrencyListView.swift in Sources */ = {isa = PBXBuildFile; fileRef = 3C99C6A728648EA0007A261E /* CryptoCurrencyListView.swift */; };
		3CA78159287A05E000473EB8 /* SelectViewPickerView.swift in Sources */ = {isa = PBXBuildFile; fileRef = 3CA78158287A05E000473EB8 /* SelectViewPickerView.swift */; };
		3CA7815C287A063000473EB8 /* CryptoListRowCellView.swift in Sources */ = {isa = PBXBuildFile; fileRef = 3CA7815B287A063000473EB8 /* CryptoListRowCellView.swift */; };
		3CA78161287A075100473EB8 /* FavoritesSheetView.swift in Sources */ = {isa = PBXBuildFile; fileRef = 3CA78160287A075100473EB8 /* FavoritesSheetView.swift */; };
		3CBD4001293F612700F564B9 /* Crypto4FunKit in Frameworks */ = {isa = PBXBuildFile; productRef = 3CBD4000293F612700F564B9 /* Crypto4FunKit */; };
		3CBD4003293F616A00F564B9 /* Crypto4FunKit in Frameworks */ = {isa = PBXBuildFile; productRef = 3CBD4002293F616A00F564B9 /* Crypto4FunKit */; };
		3CD8C7AA285CFBDA004D65B9 /* AsyncImageView.swift in Sources */ = {isa = PBXBuildFile; fileRef = 3CD8C7A9285CFBDA004D65B9 /* AsyncImageView.swift */; };
		3CE98C24285DE24E00539190 /* EmptyView.swift in Sources */ = {isa = PBXBuildFile; fileRef = 3CE98C23285DE24E00539190 /* EmptyView.swift */; };
		3CFA2C042861D3960086BE36 /* ButtonModifier.swift in Sources */ = {isa = PBXBuildFile; fileRef = 3CFA2C032861D3960086BE36 /* ButtonModifier.swift */; };
		3CFA2C0B2861D6260086BE36 /* NegativeOrPositiveLast24hView.swift in Sources */ = {isa = PBXBuildFile; fileRef = 3CFA2C0A2861D6260086BE36 /* NegativeOrPositiveLast24hView.swift */; };
		3CFA2C0D2861D6B30086BE36 /* CurrencyPriceView.swift in Sources */ = {isa = PBXBuildFile; fileRef = 3CFA2C0C2861D6B30086BE36 /* CurrencyPriceView.swift */; };
		3CFA2C0F2861D6FA0086BE36 /* FavoriteDetailButtonView.swift in Sources */ = {isa = PBXBuildFile; fileRef = 3CFA2C0E2861D6FA0086BE36 /* FavoriteDetailButtonView.swift */; };
		3CFA2C112861D9460086BE36 /* DateExtension.swift in Sources */ = {isa = PBXBuildFile; fileRef = 3CFA2C102861D9460086BE36 /* DateExtension.swift */; };
		B3314EA2285DC77900BBFF4C /* FavoriteViewModel.swift in Sources */ = {isa = PBXBuildFile; fileRef = B3314EA1285DC77900BBFF4C /* FavoriteViewModel.swift */; };
		B3314EA5285DD03300BBFF4C /* FavoriteCryptoListView.swift in Sources */ = {isa = PBXBuildFile; fileRef = B3314EA4285DD03300BBFF4C /* FavoriteCryptoListView.swift */; };
		B3E11B5B2896EF3F00C31880 /* GameView.swift in Sources */ = {isa = PBXBuildFile; fileRef = B3E11B5A2896EF3F00C31880 /* GameView.swift */; };
/* End PBXBuildFile section */

/* Begin PBXContainerItemProxy section */
		3C67CC5C293F595D002030C9 /* PBXContainerItemProxy */ = {
			isa = PBXContainerItemProxy;
			containerPortal = 3C2CFAD3285CF356000EED5D /* Project object */;
			proxyType = 1;
			remoteGlobalIDString = 3C67CC4D293F595C002030C9;
			remoteInfo = C4FExtension;
		};
/* End PBXContainerItemProxy section */

/* Begin PBXCopyFilesBuildPhase section */
		3CCCCFE82888915F00EACE9D /* Embed Foundation Extensions */ = {
			isa = PBXCopyFilesBuildPhase;
			buildActionMask = 2147483647;
			dstPath = "";
			dstSubfolderSpec = 13;
			files = (
				3C67CC5E293F595D002030C9 /* C4FExtension.appex in Embed Foundation Extensions */,
			);
			name = "Embed Foundation Extensions";
			runOnlyForDeploymentPostprocessing = 0;
		};
/* End PBXCopyFilesBuildPhase section */

/* Begin PBXFileReference section */
		3C098331285F964400E3C117 /* CurrencyChartView.swift */ = {isa = PBXFileReference; lastKnownFileType = sourcecode.swift; path = CurrencyChartView.swift; sourceTree = "<group>"; };
		3C0D9871287F560A000EDAD0 /* CryptoCurrencyVM.swift */ = {isa = PBXFileReference; lastKnownFileType = sourcecode.swift; path = CryptoCurrencyVM.swift; sourceTree = "<group>"; };
		3C0D9873287F5B32000EDAD0 /* FetchChartVM.swift */ = {isa = PBXFileReference; lastKnownFileType = sourcecode.swift; path = FetchChartVM.swift; sourceTree = "<group>"; };
		3C2724952872D85C00DAB17C /* StringExtension.swift */ = {isa = PBXFileReference; lastKnownFileType = sourcecode.swift; path = StringExtension.swift; sourceTree = "<group>"; };
		3C2CFADB285CF356000EED5D /* Crypto4Fun.app */ = {isa = PBXFileReference; explicitFileType = wrapper.application; includeInIndex = 0; path = Crypto4Fun.app; sourceTree = BUILT_PRODUCTS_DIR; };
		3C2CFADE285CF356000EED5D /* CryptoNoobApp.swift */ = {isa = PBXFileReference; lastKnownFileType = sourcecode.swift; path = CryptoNoobApp.swift; sourceTree = "<group>"; };
		3C2CFAE2285CF357000EED5D /* Assets.xcassets */ = {isa = PBXFileReference; lastKnownFileType = folder.assetcatalog; path = Assets.xcassets; sourceTree = "<group>"; };
		3C2CFAE5285CF357000EED5D /* Preview Assets.xcassets */ = {isa = PBXFileReference; lastKnownFileType = folder.assetcatalog; path = "Preview Assets.xcassets"; sourceTree = "<group>"; };
		3C67CC4E293F595C002030C9 /* C4FExtension.appex */ = {isa = PBXFileReference; explicitFileType = "wrapper.app-extension"; includeInIndex = 0; path = C4FExtension.appex; sourceTree = BUILT_PRODUCTS_DIR; };
		3C67CC50293F595C002030C9 /* WidgetKit.framework */ = {isa = PBXFileReference; lastKnownFileType = wrapper.framework; name = WidgetKit.framework; path = System/Library/Frameworks/WidgetKit.framework; sourceTree = SDKROOT; };
		3C67CC52293F595C002030C9 /* SwiftUI.framework */ = {isa = PBXFileReference; lastKnownFileType = wrapper.framework; name = SwiftUI.framework; path = System/Library/Frameworks/SwiftUI.framework; sourceTree = SDKROOT; };
		3C67CC55293F595C002030C9 /* C4FBundle.swift */ = {isa = PBXFileReference; lastKnownFileType = sourcecode.swift; path = C4FBundle.swift; sourceTree = "<group>"; };
		3C67CC57293F595C002030C9 /* C4F.swift */ = {isa = PBXFileReference; lastKnownFileType = sourcecode.swift; path = C4F.swift; sourceTree = "<group>"; };
		3C67CC59293F595D002030C9 /* Assets.xcassets */ = {isa = PBXFileReference; lastKnownFileType = folder.assetcatalog; path = Assets.xcassets; sourceTree = "<group>"; };
		3C67CC5B293F595D002030C9 /* Info.plist */ = {isa = PBXFileReference; lastKnownFileType = text.plist.xml; path = Info.plist; sourceTree = "<group>"; };
		3C99C6A728648EA0007A261E /* CryptoCurrencyListView.swift */ = {isa = PBXFileReference; lastKnownFileType = sourcecode.swift; path = CryptoCurrencyListView.swift; sourceTree = "<group>"; };
		3CA78158287A05E000473EB8 /* SelectViewPickerView.swift */ = {isa = PBXFileReference; lastKnownFileType = sourcecode.swift; path = SelectViewPickerView.swift; sourceTree = "<group>"; };
		3CA7815B287A063000473EB8 /* CryptoListRowCellView.swift */ = {isa = PBXFileReference; lastKnownFileType = sourcecode.swift; path = CryptoListRowCellView.swift; sourceTree = "<group>"; };
		3CA78160287A075100473EB8 /* FavoritesSheetView.swift */ = {isa = PBXFileReference; lastKnownFileType = sourcecode.swift; path = FavoritesSheetView.swift; sourceTree = "<group>"; };
		3CD8C7A9285CFBDA004D65B9 /* AsyncImageView.swift */ = {isa = PBXFileReference; lastKnownFileType = sourcecode.swift; path = AsyncImageView.swift; sourceTree = "<group>"; };
		3CE98C23285DE24E00539190 /* EmptyView.swift */ = {isa = PBXFileReference; lastKnownFileType = sourcecode.swift; path = EmptyView.swift; sourceTree = "<group>"; };
		3CFA2C032861D3960086BE36 /* ButtonModifier.swift */ = {isa = PBXFileReference; lastKnownFileType = sourcecode.swift; path = ButtonModifier.swift; sourceTree = "<group>"; };
		3CFA2C0A2861D6260086BE36 /* NegativeOrPositiveLast24hView.swift */ = {isa = PBXFileReference; lastKnownFileType = sourcecode.swift; path = NegativeOrPositiveLast24hView.swift; sourceTree = "<group>"; };
		3CFA2C0C2861D6B30086BE36 /* CurrencyPriceView.swift */ = {isa = PBXFileReference; lastKnownFileType = sourcecode.swift; path = CurrencyPriceView.swift; sourceTree = "<group>"; };
		3CFA2C0E2861D6FA0086BE36 /* FavoriteDetailButtonView.swift */ = {isa = PBXFileReference; lastKnownFileType = sourcecode.swift; path = FavoriteDetailButtonView.swift; sourceTree = "<group>"; };
		3CFA2C102861D9460086BE36 /* DateExtension.swift */ = {isa = PBXFileReference; lastKnownFileType = sourcecode.swift; path = DateExtension.swift; sourceTree = "<group>"; };
		B3314EA1285DC77900BBFF4C /* FavoriteViewModel.swift */ = {isa = PBXFileReference; lastKnownFileType = sourcecode.swift; path = FavoriteViewModel.swift; sourceTree = "<group>"; };
		B3314EA4285DD03300BBFF4C /* FavoriteCryptoListView.swift */ = {isa = PBXFileReference; lastKnownFileType = sourcecode.swift; path = FavoriteCryptoListView.swift; sourceTree = "<group>"; };
		B3E11B5A2896EF3F00C31880 /* GameView.swift */ = {isa = PBXFileReference; lastKnownFileType = sourcecode.swift; path = GameView.swift; sourceTree = "<group>"; };
/* End PBXFileReference section */

/* Begin PBXFrameworksBuildPhase section */
		3C2CFAD8285CF356000EED5D /* Frameworks */ = {
			isa = PBXFrameworksBuildPhase;
			buildActionMask = 2147483647;
			files = (
				3CBD4001293F612700F564B9 /* Crypto4FunKit in Frameworks */,
			);
			runOnlyForDeploymentPostprocessing = 0;
		};
		3C67CC4B293F595C002030C9 /* Frameworks */ = {
			isa = PBXFrameworksBuildPhase;
			buildActionMask = 2147483647;
			files = (
				3C67CC53293F595C002030C9 /* SwiftUI.framework in Frameworks */,
				3C67CC51293F595C002030C9 /* WidgetKit.framework in Frameworks */,
				3CBD4003293F616A00F564B9 /* Crypto4FunKit in Frameworks */,
			);
			runOnlyForDeploymentPostprocessing = 0;
		};
/* End PBXFrameworksBuildPhase section */

/* Begin PBXGroup section */
		3C2724972872D87500DAB17C /* Extension */ = {
			isa = PBXGroup;
			children = (
				3CFA2C102861D9460086BE36 /* DateExtension.swift */,
				3C2724952872D85C00DAB17C /* StringExtension.swift */,
			);
			path = Extension;
			sourceTree = "<group>";
		};
		3C2CFAD2285CF356000EED5D = {
			isa = PBXGroup;
			children = (
				3C2CFADD285CF356000EED5D /* CryptoNoob */,
				3C67CC54293F595C002030C9 /* C4F */,
				3C67CC4F293F595C002030C9 /* Frameworks */,
				3C2CFADC285CF356000EED5D /* Products */,
			);
			sourceTree = "<group>";
		};
		3C2CFADC285CF356000EED5D /* Products */ = {
			isa = PBXGroup;
			children = (
				3C2CFADB285CF356000EED5D /* Crypto4Fun.app */,
				3C67CC4E293F595C002030C9 /* C4FExtension.appex */,
			);
			name = Products;
			sourceTree = "<group>";
		};
		3C2CFADD285CF356000EED5D /* CryptoNoob */ = {
			isa = PBXGroup;
			children = (
				3C2CFADE285CF356000EED5D /* CryptoNoobApp.swift */,
				B3314EA3285DC78600BBFF4C /* ViewModel */,
				3CD8C7AB285D00D0004D65B9 /* View */,
				3C2724972872D87500DAB17C /* Extension */,
				3C2CFAE2285CF357000EED5D /* Assets.xcassets */,
				3C2CFAE4285CF357000EED5D /* Preview Content */,
			);
			path = CryptoNoob;
			sourceTree = "<group>";
		};
		3C2CFAE4285CF357000EED5D /* Preview Content */ = {
			isa = PBXGroup;
			children = (
				3C2CFAE5285CF357000EED5D /* Preview Assets.xcassets */,
			);
			path = "Preview Content";
			sourceTree = "<group>";
		};
		3C67CC4F293F595C002030C9 /* Frameworks */ = {
			isa = PBXGroup;
			children = (
				3C67CC50293F595C002030C9 /* WidgetKit.framework */,
				3C67CC52293F595C002030C9 /* SwiftUI.framework */,
			);
			name = Frameworks;
			sourceTree = "<group>";
		};
		3C67CC54293F595C002030C9 /* C4F */ = {
			isa = PBXGroup;
			children = (
				3C67CC55293F595C002030C9 /* C4FBundle.swift */,
				3C67CC57293F595C002030C9 /* C4F.swift */,
				3C67CC59293F595D002030C9 /* Assets.xcassets */,
				3C67CC5B293F595D002030C9 /* Info.plist */,
			);
			path = C4F;
			sourceTree = "<group>";
		};
		3CA21781287AB9C700511659 /* Detail */ = {
			isa = PBXGroup;
			children = (
				3C098331285F964400E3C117 /* CurrencyChartView.swift */,
			);
			path = Detail;
			sourceTree = "<group>";
		};
		3CA21784287ABB2F00511659 /* AsyncImage */ = {
			isa = PBXGroup;
			children = (
				3CD8C7A9285CFBDA004D65B9 /* AsyncImageView.swift */,
			);
			path = AsyncImage;
			sourceTree = "<group>";
		};
		3CA7815A287A060C00473EB8 /* ExtractedView */ = {
			isa = PBXGroup;
			children = (
				3CE98C23285DE24E00539190 /* EmptyView.swift */,
				3CA78158287A05E000473EB8 /* SelectViewPickerView.swift */,
			);
			path = ExtractedView;
			sourceTree = "<group>";
		};
		3CA7815F287A06C000473EB8 /* FavoritesView */ = {
			isa = PBXGroup;
			children = (
				3CA78160287A075100473EB8 /* FavoritesSheetView.swift */,
				B3314EA4285DD03300BBFF4C /* FavoriteCryptoListView.swift */,
			);
			path = FavoritesView;
			sourceTree = "<group>";
		};
		3CD8C7AB285D00D0004D65B9 /* View */ = {
			isa = PBXGroup;
			children = (
				3CE86731293F3E5A00428706 /* Screens */,
				3CA21781287AB9C700511659 /* Detail */,
				3CA7815F287A06C000473EB8 /* FavoritesView */,
				3CA7815A287A060C00473EB8 /* ExtractedView */,
				3CA21784287ABB2F00511659 /* AsyncImage */,
				3CFA2C052861D4420086BE36 /* ViewModifier */,
				3CD8C7AE285D0278004D65B9 /* Cell */,
			);
			path = View;
			sourceTree = "<group>";
		};
		3CD8C7AE285D0278004D65B9 /* Cell */ = {
			isa = PBXGroup;
			children = (
				3CA7815B287A063000473EB8 /* CryptoListRowCellView.swift */,
				3CFA2C0E2861D6FA0086BE36 /* FavoriteDetailButtonView.swift */,
				3CFA2C0C2861D6B30086BE36 /* CurrencyPriceView.swift */,
				3CFA2C0A2861D6260086BE36 /* NegativeOrPositiveLast24hView.swift */,
			);
			path = Cell;
			sourceTree = "<group>";
		};
		3CE86731293F3E5A00428706 /* Screens */ = {
			isa = PBXGroup;
			children = (
				3C99C6A728648EA0007A261E /* CryptoCurrencyListView.swift */,
				B3E11B5A2896EF3F00C31880 /* GameView.swift */,
			);
			path = Screens;
			sourceTree = "<group>";
		};
		3CFA2C052861D4420086BE36 /* ViewModifier */ = {
			isa = PBXGroup;
			children = (
				3CFA2C032861D3960086BE36 /* ButtonModifier.swift */,
			);
			path = ViewModifier;
			sourceTree = "<group>";
		};
		B3314EA3285DC78600BBFF4C /* ViewModel */ = {
			isa = PBXGroup;
			children = (
				B3314EA1285DC77900BBFF4C /* FavoriteViewModel.swift */,
				3C0D9871287F560A000EDAD0 /* CryptoCurrencyVM.swift */,
				3C0D9873287F5B32000EDAD0 /* FetchChartVM.swift */,
			);
			path = ViewModel;
			sourceTree = "<group>";
		};
/* End PBXGroup section */

/* Begin PBXNativeTarget section */
		3C2CFADA285CF356000EED5D /* Crypto4Fun */ = {
			isa = PBXNativeTarget;
			buildConfigurationList = 3C2CFAE9285CF357000EED5D /* Build configuration list for PBXNativeTarget "Crypto4Fun" */;
			buildPhases = (
				3C2CFAD7285CF356000EED5D /* Sources */,
				3C2CFAD8285CF356000EED5D /* Frameworks */,
				3C2CFAD9285CF356000EED5D /* Resources */,
				3CCCCFE82888915F00EACE9D /* Embed Foundation Extensions */,
			);
			buildRules = (
			);
			dependencies = (
				3C67CC5D293F595D002030C9 /* PBXTargetDependency */,
			);
			name = Crypto4Fun;
			packageProductDependencies = (
				3CBD4000293F612700F564B9 /* Crypto4FunKit */,
			);
			productName = CryptoNoob;
			productReference = 3C2CFADB285CF356000EED5D /* Crypto4Fun.app */;
			productType = "com.apple.product-type.application";
		};
		3C67CC4D293F595C002030C9 /* C4FExtension */ = {
			isa = PBXNativeTarget;
			buildConfigurationList = 3C67CC61293F595D002030C9 /* Build configuration list for PBXNativeTarget "C4FExtension" */;
			buildPhases = (
				3C67CC4A293F595C002030C9 /* Sources */,
				3C67CC4B293F595C002030C9 /* Frameworks */,
				3C67CC4C293F595C002030C9 /* Resources */,
			);
			buildRules = (
			);
			dependencies = (
			);
			name = C4FExtension;
			packageProductDependencies = (
				3CBD4002293F616A00F564B9 /* Crypto4FunKit */,
			);
			productName = C4FExtension;
			productReference = 3C67CC4E293F595C002030C9 /* C4FExtension.appex */;
			productType = "com.apple.product-type.app-extension";
		};
/* End PBXNativeTarget section */

/* Begin PBXProject section */
		3C2CFAD3285CF356000EED5D /* Project object */ = {
			isa = PBXProject;
			attributes = {
				BuildIndependentTargetsInParallel = 1;
				LastSwiftUpdateCheck = 1410;
				LastUpgradeCheck = 1340;
				TargetAttributes = {
					3C2CFADA285CF356000EED5D = {
						CreatedOnToolsVersion = 13.4.1;
					};
					3C67CC4D293F595C002030C9 = {
						CreatedOnToolsVersion = 14.1;
					};
				};
			};
			buildConfigurationList = 3C2CFAD6285CF356000EED5D /* Build configuration list for PBXProject "Crypto4Fun" */;
			compatibilityVersion = "Xcode 13.0";
			developmentRegion = en;
			hasScannedForEncodings = 0;
			knownRegions = (
				en,
				Base,
			);
			mainGroup = 3C2CFAD2285CF356000EED5D;
			packageReferences = (
				3CBD3FFF293F612700F564B9 /* XCRemoteSwiftPackageReference "Crypto4FunKit" */,
			);
			productRefGroup = 3C2CFADC285CF356000EED5D /* Products */;
			projectDirPath = "";
			projectRoot = "";
			targets = (
				3C2CFADA285CF356000EED5D /* Crypto4Fun */,
				3C67CC4D293F595C002030C9 /* C4FExtension */,
			);
		};
/* End PBXProject section */

/* Begin PBXResourcesBuildPhase section */
		3C2CFAD9285CF356000EED5D /* Resources */ = {
			isa = PBXResourcesBuildPhase;
			buildActionMask = 2147483647;
			files = (
				3C2CFAE6285CF357000EED5D /* Preview Assets.xcassets in Resources */,
				3C2CFAE3285CF357000EED5D /* Assets.xcassets in Resources */,
			);
			runOnlyForDeploymentPostprocessing = 0;
		};
		3C67CC4C293F595C002030C9 /* Resources */ = {
			isa = PBXResourcesBuildPhase;
			buildActionMask = 2147483647;
			files = (
				3C67CC5A293F595D002030C9 /* Assets.xcassets in Resources */,
			);
			runOnlyForDeploymentPostprocessing = 0;
		};
/* End PBXResourcesBuildPhase section */

/* Begin PBXSourcesBuildPhase section */
		3C2CFAD7285CF356000EED5D /* Sources */ = {
			isa = PBXSourcesBuildPhase;
			buildActionMask = 2147483647;
			files = (
				3CFA2C112861D9460086BE36 /* DateExtension.swift in Sources */,
				3CA78159287A05E000473EB8 /* SelectViewPickerView.swift in Sources */,
				3C098332285F964400E3C117 /* CurrencyChartView.swift in Sources */,
				B3314EA5285DD03300BBFF4C /* FavoriteCryptoListView.swift in Sources */,
				3CA78161287A075100473EB8 /* FavoritesSheetView.swift in Sources */,
				3CFA2C0F2861D6FA0086BE36 /* FavoriteDetailButtonView.swift in Sources */,
				3C2CFADF285CF356000EED5D /* CryptoNoobApp.swift in Sources */,
				3CFA2C0D2861D6B30086BE36 /* CurrencyPriceView.swift in Sources */,
				3CE98C24285DE24E00539190 /* EmptyView.swift in Sources */,
				3CA7815C287A063000473EB8 /* CryptoListRowCellView.swift in Sources */,
				B3E11B5B2896EF3F00C31880 /* GameView.swift in Sources */,
				3C99C6A828648EA0007A261E /* CryptoCurrencyListView.swift in Sources */,
				B3314EA2285DC77900BBFF4C /* FavoriteViewModel.swift in Sources */,
				3CFA2C042861D3960086BE36 /* ButtonModifier.swift in Sources */,
				3C2724962872D85C00DAB17C /* StringExtension.swift in Sources */,
				3CFA2C0B2861D6260086BE36 /* NegativeOrPositiveLast24hView.swift in Sources */,
				3C0D9872287F560A000EDAD0 /* CryptoCurrencyVM.swift in Sources */,
				3CD8C7AA285CFBDA004D65B9 /* AsyncImageView.swift in Sources */,
				3C0D9874287F5B32000EDAD0 /* FetchChartVM.swift in Sources */,
			);
			runOnlyForDeploymentPostprocessing = 0;
		};
		3C67CC4A293F595C002030C9 /* Sources */ = {
			isa = PBXSourcesBuildPhase;
			buildActionMask = 2147483647;
			files = (
				3C67CC56293F595C002030C9 /* C4FBundle.swift in Sources */,
				3C67CC62293F5B67002030C9 /* CryptoCurrencyVM.swift in Sources */,
				3C67CC58293F595C002030C9 /* C4F.swift in Sources */,
			);
			runOnlyForDeploymentPostprocessing = 0;
		};
/* End PBXSourcesBuildPhase section */

/* Begin PBXTargetDependency section */
		3C67CC5D293F595D002030C9 /* PBXTargetDependency */ = {
			isa = PBXTargetDependency;
			target = 3C67CC4D293F595C002030C9 /* C4FExtension */;
			targetProxy = 3C67CC5C293F595D002030C9 /* PBXContainerItemProxy */;
		};
/* End PBXTargetDependency section */

/* Begin XCBuildConfiguration section */
		3C2CFAE7285CF357000EED5D /* Debug */ = {
			isa = XCBuildConfiguration;
			buildSettings = {
				ALWAYS_SEARCH_USER_PATHS = NO;
				CLANG_ANALYZER_NONNULL = YES;
				CLANG_ANALYZER_NUMBER_OBJECT_CONVERSION = YES_AGGRESSIVE;
				CLANG_CXX_LANGUAGE_STANDARD = "gnu++17";
				CLANG_ENABLE_MODULES = YES;
				CLANG_ENABLE_OBJC_ARC = YES;
				CLANG_ENABLE_OBJC_WEAK = YES;
				CLANG_WARN_BLOCK_CAPTURE_AUTORELEASING = YES;
				CLANG_WARN_BOOL_CONVERSION = YES;
				CLANG_WARN_COMMA = YES;
				CLANG_WARN_CONSTANT_CONVERSION = YES;
				CLANG_WARN_DEPRECATED_OBJC_IMPLEMENTATIONS = YES;
				CLANG_WARN_DIRECT_OBJC_ISA_USAGE = YES_ERROR;
				CLANG_WARN_DOCUMENTATION_COMMENTS = YES;
				CLANG_WARN_EMPTY_BODY = YES;
				CLANG_WARN_ENUM_CONVERSION = YES;
				CLANG_WARN_INFINITE_RECURSION = YES;
				CLANG_WARN_INT_CONVERSION = YES;
				CLANG_WARN_NON_LITERAL_NULL_CONVERSION = YES;
				CLANG_WARN_OBJC_IMPLICIT_RETAIN_SELF = YES;
				CLANG_WARN_OBJC_LITERAL_CONVERSION = YES;
				CLANG_WARN_OBJC_ROOT_CLASS = YES_ERROR;
				CLANG_WARN_QUOTED_INCLUDE_IN_FRAMEWORK_HEADER = YES;
				CLANG_WARN_RANGE_LOOP_ANALYSIS = YES;
				CLANG_WARN_STRICT_PROTOTYPES = YES;
				CLANG_WARN_SUSPICIOUS_MOVE = YES;
				CLANG_WARN_UNGUARDED_AVAILABILITY = YES_AGGRESSIVE;
				CLANG_WARN_UNREACHABLE_CODE = YES;
				CLANG_WARN__DUPLICATE_METHOD_MATCH = YES;
				COPY_PHASE_STRIP = NO;
				DEBUG_INFORMATION_FORMAT = dwarf;
				DSTROOT = /tmp/$Crypto4Fun.dst;
				ENABLE_STRICT_OBJC_MSGSEND = YES;
				ENABLE_TESTABILITY = YES;
				GCC_C_LANGUAGE_STANDARD = gnu11;
				GCC_DYNAMIC_NO_PIC = NO;
				GCC_NO_COMMON_BLOCKS = YES;
				GCC_OPTIMIZATION_LEVEL = 0;
				GCC_PREPROCESSOR_DEFINITIONS = (
					"DEBUG=1",
					"$(inherited)",
				);
				GCC_WARN_64_TO_32_BIT_CONVERSION = YES;
				GCC_WARN_ABOUT_RETURN_TYPE = YES_ERROR;
				GCC_WARN_UNDECLARED_SELECTOR = YES;
				GCC_WARN_UNINITIALIZED_AUTOS = YES_AGGRESSIVE;
				GCC_WARN_UNUSED_FUNCTION = YES;
				GCC_WARN_UNUSED_VARIABLE = YES;
				IPHONEOS_DEPLOYMENT_TARGET = 16.0;
				MTL_ENABLE_DEBUG_INFO = INCLUDE_SOURCE;
				MTL_FAST_MATH = YES;
				ONLY_ACTIVE_ARCH = YES;
				SDKROOT = iphoneos;
				SWIFT_ACTIVE_COMPILATION_CONDITIONS = DEBUG;
				SWIFT_OPTIMIZATION_LEVEL = "-Onone";
			};
			name = Debug;
		};
		3C2CFAE8285CF357000EED5D /* Release */ = {
			isa = XCBuildConfiguration;
			buildSettings = {
				ALWAYS_SEARCH_USER_PATHS = NO;
				CLANG_ANALYZER_NONNULL = YES;
				CLANG_ANALYZER_NUMBER_OBJECT_CONVERSION = YES_AGGRESSIVE;
				CLANG_CXX_LANGUAGE_STANDARD = "gnu++17";
				CLANG_ENABLE_MODULES = YES;
				CLANG_ENABLE_OBJC_ARC = YES;
				CLANG_ENABLE_OBJC_WEAK = YES;
				CLANG_WARN_BLOCK_CAPTURE_AUTORELEASING = YES;
				CLANG_WARN_BOOL_CONVERSION = YES;
				CLANG_WARN_COMMA = YES;
				CLANG_WARN_CONSTANT_CONVERSION = YES;
				CLANG_WARN_DEPRECATED_OBJC_IMPLEMENTATIONS = YES;
				CLANG_WARN_DIRECT_OBJC_ISA_USAGE = YES_ERROR;
				CLANG_WARN_DOCUMENTATION_COMMENTS = YES;
				CLANG_WARN_EMPTY_BODY = YES;
				CLANG_WARN_ENUM_CONVERSION = YES;
				CLANG_WARN_INFINITE_RECURSION = YES;
				CLANG_WARN_INT_CONVERSION = YES;
				CLANG_WARN_NON_LITERAL_NULL_CONVERSION = YES;
				CLANG_WARN_OBJC_IMPLICIT_RETAIN_SELF = YES;
				CLANG_WARN_OBJC_LITERAL_CONVERSION = YES;
				CLANG_WARN_OBJC_ROOT_CLASS = YES_ERROR;
				CLANG_WARN_QUOTED_INCLUDE_IN_FRAMEWORK_HEADER = YES;
				CLANG_WARN_RANGE_LOOP_ANALYSIS = YES;
				CLANG_WARN_STRICT_PROTOTYPES = YES;
				CLANG_WARN_SUSPICIOUS_MOVE = YES;
				CLANG_WARN_UNGUARDED_AVAILABILITY = YES_AGGRESSIVE;
				CLANG_WARN_UNREACHABLE_CODE = YES;
				CLANG_WARN__DUPLICATE_METHOD_MATCH = YES;
				COPY_PHASE_STRIP = NO;
				DEBUG_INFORMATION_FORMAT = "dwarf-with-dsym";
				ENABLE_NS_ASSERTIONS = NO;
				ENABLE_STRICT_OBJC_MSGSEND = YES;
				GCC_C_LANGUAGE_STANDARD = gnu11;
				GCC_NO_COMMON_BLOCKS = YES;
				GCC_WARN_64_TO_32_BIT_CONVERSION = YES;
				GCC_WARN_ABOUT_RETURN_TYPE = YES_ERROR;
				GCC_WARN_UNDECLARED_SELECTOR = YES;
				GCC_WARN_UNINITIALIZED_AUTOS = YES_AGGRESSIVE;
				GCC_WARN_UNUSED_FUNCTION = YES;
				GCC_WARN_UNUSED_VARIABLE = YES;
				IPHONEOS_DEPLOYMENT_TARGET = 16.0;
				MTL_ENABLE_DEBUG_INFO = NO;
				MTL_FAST_MATH = YES;
				SDKROOT = iphoneos;
				SWIFT_COMPILATION_MODE = wholemodule;
				SWIFT_OPTIMIZATION_LEVEL = "-O";
				VALIDATE_PRODUCT = YES;
			};
			name = Release;
		};
		3C2CFAEA285CF357000EED5D /* Debug */ = {
			isa = XCBuildConfiguration;
			buildSettings = {
				ALWAYS_EMBED_SWIFT_STANDARD_LIBRARIES = YES;
				ASSETCATALOG_COMPILER_APPICON_NAME = AppIcon;
				ASSETCATALOG_COMPILER_GLOBAL_ACCENT_COLOR_NAME = AccentColor;
				ASSETCATALOG_COMPILER_INCLUDE_ALL_APPICON_ASSETS = NO;
				CODE_SIGN_STYLE = Automatic;
				CURRENT_PROJECT_VERSION = 6;
				DEVELOPMENT_ASSET_PATHS = "\"CryptoNoob/Preview Content\"";
				DEVELOPMENT_TEAM = 99M75C322U;
				ENABLE_PREVIEWS = YES;
				GENERATE_INFOPLIST_FILE = YES;
				INFOPLIST_FILE = CryptoNoob/Info.plist;
				INFOPLIST_KEY_LSApplicationCategoryType = "public.app-category.finance";
				INFOPLIST_KEY_UIApplicationSceneManifest_Generation = YES;
				INFOPLIST_KEY_UIApplicationSupportsIndirectInputEvents = YES;
				INFOPLIST_KEY_UILaunchScreen_Generation = YES;
				INFOPLIST_KEY_UISupportedInterfaceOrientations = "UIInterfaceOrientationLandscapeLeft UIInterfaceOrientationLandscapeRight UIInterfaceOrientationPortrait UIInterfaceOrientationPortraitUpsideDown";
				IPHONEOS_DEPLOYMENT_TARGET = 16.0;
				LD_RUNPATH_SEARCH_PATHS = (
					"$(inherited)",
					"@executable_path/Frameworks",
				);
				MARKETING_VERSION = 0.1.3;
				PRODUCT_BUNDLE_IDENTIFIER = com.knight.elliot.Crypto4Fun;
				PRODUCT_NAME = "$(TARGET_NAME)";
				SWIFT_EMIT_LOC_STRINGS = YES;
				SWIFT_VERSION = 5.0;
				TARGETED_DEVICE_FAMILY = "1,2";
			};
			name = Debug;
		};
		3C2CFAEB285CF357000EED5D /* Release */ = {
			isa = XCBuildConfiguration;
			buildSettings = {
				ALWAYS_EMBED_SWIFT_STANDARD_LIBRARIES = YES;
				ASSETCATALOG_COMPILER_APPICON_NAME = AppIcon;
				ASSETCATALOG_COMPILER_GLOBAL_ACCENT_COLOR_NAME = AccentColor;
				ASSETCATALOG_COMPILER_INCLUDE_ALL_APPICON_ASSETS = NO;
				CODE_SIGN_STYLE = Automatic;
				CURRENT_PROJECT_VERSION = 6;
				DEVELOPMENT_ASSET_PATHS = "\"CryptoNoob/Preview Content\"";
				DEVELOPMENT_TEAM = 99M75C322U;
				ENABLE_PREVIEWS = YES;
				GENERATE_INFOPLIST_FILE = YES;
				INFOPLIST_FILE = CryptoNoob/Info.plist;
				INFOPLIST_KEY_LSApplicationCategoryType = "public.app-category.finance";
				INFOPLIST_KEY_UIApplicationSceneManifest_Generation = YES;
				INFOPLIST_KEY_UIApplicationSupportsIndirectInputEvents = YES;
				INFOPLIST_KEY_UILaunchScreen_Generation = YES;
				INFOPLIST_KEY_UISupportedInterfaceOrientations = "UIInterfaceOrientationLandscapeLeft UIInterfaceOrientationLandscapeRight UIInterfaceOrientationPortrait UIInterfaceOrientationPortraitUpsideDown";
				IPHONEOS_DEPLOYMENT_TARGET = 16.0;
				LD_RUNPATH_SEARCH_PATHS = (
					"$(inherited)",
					"@executable_path/Frameworks",
				);
				MARKETING_VERSION = 0.1.3;
				PRODUCT_BUNDLE_IDENTIFIER = com.knight.elliot.Crypto4Fun;
				PRODUCT_NAME = "$(TARGET_NAME)";
				SWIFT_EMIT_LOC_STRINGS = YES;
				SWIFT_VERSION = 5.0;
				TARGETED_DEVICE_FAMILY = "1,2";
			};
			name = Release;
		};
		3C67CC5F293F595D002030C9 /* Debug */ = {
			isa = XCBuildConfiguration;
			buildSettings = {
				ASSETCATALOG_COMPILER_GLOBAL_ACCENT_COLOR_NAME = AccentColor;
				ASSETCATALOG_COMPILER_WIDGET_BACKGROUND_COLOR_NAME = WidgetBackground;
				CLANG_CXX_LANGUAGE_STANDARD = "gnu++20";
				CODE_SIGN_STYLE = Automatic;
				CURRENT_PROJECT_VERSION = 6;
				DEVELOPMENT_TEAM = 99M75C322U;
				GENERATE_INFOPLIST_FILE = YES;
				INFOPLIST_FILE = C4F/Info.plist;
				INFOPLIST_KEY_CFBundleDisplayName = C4F;
				INFOPLIST_KEY_NSHumanReadableCopyright = "";
				IPHONEOS_DEPLOYMENT_TARGET = 16.1;
				LD_RUNPATH_SEARCH_PATHS = (
					"$(inherited)",
					"@executable_path/Frameworks",
					"@executable_path/../../Frameworks",
				);
				MARKETING_VERSION = 0.1.3;
				PRODUCT_BUNDLE_IDENTIFIER = com.knight.elliot.Crypto4Fun.C4F;
				PRODUCT_NAME = "$(TARGET_NAME)";
				SKIP_INSTALL = YES;
				SWIFT_EMIT_LOC_STRINGS = YES;
				SWIFT_VERSION = 5.0;
				TARGETED_DEVICE_FAMILY = "1,2";
			};
			name = Debug;
		};
		3C67CC60293F595D002030C9 /* Release */ = {
			isa = XCBuildConfiguration;
			buildSettings = {
				ASSETCATALOG_COMPILER_GLOBAL_ACCENT_COLOR_NAME = AccentColor;
				ASSETCATALOG_COMPILER_WIDGET_BACKGROUND_COLOR_NAME = WidgetBackground;
				CLANG_CXX_LANGUAGE_STANDARD = "gnu++20";
				CODE_SIGN_STYLE = Automatic;
				CURRENT_PROJECT_VERSION = 6;
				DEVELOPMENT_TEAM = 99M75C322U;
				GENERATE_INFOPLIST_FILE = YES;
				INFOPLIST_FILE = C4F/Info.plist;
				INFOPLIST_KEY_CFBundleDisplayName = C4F;
				INFOPLIST_KEY_NSHumanReadableCopyright = "";
				IPHONEOS_DEPLOYMENT_TARGET = 16.1;
				LD_RUNPATH_SEARCH_PATHS = (
					"$(inherited)",
					"@executable_path/Frameworks",
					"@executable_path/../../Frameworks",
				);
				MARKETING_VERSION = 0.1.3;
				PRODUCT_BUNDLE_IDENTIFIER = com.knight.elliot.Crypto4Fun.C4F;
				PRODUCT_NAME = "$(TARGET_NAME)";
				SKIP_INSTALL = YES;
				SWIFT_EMIT_LOC_STRINGS = YES;
				SWIFT_VERSION = 5.0;
				TARGETED_DEVICE_FAMILY = "1,2";
			};
			name = Release;
		};
/* End XCBuildConfiguration section */

/* Begin XCConfigurationList section */
		3C2CFAD6285CF356000EED5D /* Build configuration list for PBXProject "Crypto4Fun" */ = {
			isa = XCConfigurationList;
			buildConfigurations = (
				3C2CFAE7285CF357000EED5D /* Debug */,
				3C2CFAE8285CF357000EED5D /* Release */,
			);
			defaultConfigurationIsVisible = 0;
			defaultConfigurationName = Release;
		};
		3C2CFAE9285CF357000EED5D /* Build configuration list for PBXNativeTarget "Crypto4Fun" */ = {
			isa = XCConfigurationList;
			buildConfigurations = (
				3C2CFAEA285CF357000EED5D /* Debug */,
				3C2CFAEB285CF357000EED5D /* Release */,
			);
			defaultConfigurationIsVisible = 0;
			defaultConfigurationName = Release;
		};
		3C67CC61293F595D002030C9 /* Build configuration list for PBXNativeTarget "C4FExtension" */ = {
			isa = XCConfigurationList;
			buildConfigurations = (
				3C67CC5F293F595D002030C9 /* Debug */,
				3C67CC60293F595D002030C9 /* Release */,
			);
			defaultConfigurationIsVisible = 0;
			defaultConfigurationName = Release;
		};
/* End XCConfigurationList section */

/* Begin XCRemoteSwiftPackageReference section */
		3CBD3FFF293F612700F564B9 /* XCRemoteSwiftPackageReference "Crypto4FunKit" */ = {
			isa = XCRemoteSwiftPackageReference;
			repositoryURL = "https://github.com/Harry-KNIGHT/Crypto4FunKit";
			requirement = {
				branch = main;
				kind = branch;
			};
		};
/* End XCRemoteSwiftPackageReference section */

/* Begin XCSwiftPackageProductDependency section */
		3CBD4000293F612700F564B9 /* Crypto4FunKit */ = {
			isa = XCSwiftPackageProductDependency;
			package = 3CBD3FFF293F612700F564B9 /* XCRemoteSwiftPackageReference "Crypto4FunKit" */;
			productName = Crypto4FunKit;
		};
		3CBD4002293F616A00F564B9 /* Crypto4FunKit */ = {
			isa = XCSwiftPackageProductDependency;
			package = 3CBD3FFF293F612700F564B9 /* XCRemoteSwiftPackageReference "Crypto4FunKit" */;
			productName = Crypto4FunKit;
		};
/* End XCSwiftPackageProductDependency section */
	};
	rootObject = 3C2CFAD3285CF356000EED5D /* Project object */;
}
