// !$*UTF8*$!
{
	archiveVersion = 1;
	classes = {
	};
	objectVersion = 55;
	objects = {

/* Begin PBXBuildFile section */
		3C098332285F964400E3C117 /* CurrencyChartView.swift in Sources */ = {isa = PBXBuildFile; fileRef = 3C098331285F964400E3C117 /* CurrencyChartView.swift */; };
		3C0D9872287F560A000EDAD0 /* CryptoCurrencyApi.swift in Sources */ = {isa = PBXBuildFile; fileRef = 3C0D9871287F560A000EDAD0 /* CryptoCurrencyApi.swift */; };
		3C0D9874287F5B32000EDAD0 /* FetchChartApi.swift in Sources */ = {isa = PBXBuildFile; fileRef = 3C0D9873287F5B32000EDAD0 /* FetchChartApi.swift */; };
		3C2724962872D85C00DAB17C /* StringExtension.swift in Sources */ = {isa = PBXBuildFile; fileRef = 3C2724952872D85C00DAB17C /* StringExtension.swift */; };
		3C2724992872D89400DAB17C /* ChartModel.swift in Sources */ = {isa = PBXBuildFile; fileRef = 3C2724982872D89400DAB17C /* ChartModel.swift */; };
		3C27249B2872E96F00DAB17C /* ArticleModel.swift in Sources */ = {isa = PBXBuildFile; fileRef = 3C27249A2872E96F00DAB17C /* ArticleModel.swift */; };
		3C2CFADF285CF356000EED5D /* CryptoNoobApp.swift in Sources */ = {isa = PBXBuildFile; fileRef = 3C2CFADE285CF356000EED5D /* CryptoNoobApp.swift */; };
		3C2CFAE1285CF356000EED5D /* ContentView.swift in Sources */ = {isa = PBXBuildFile; fileRef = 3C2CFAE0285CF356000EED5D /* ContentView.swift */; };
		3C2CFAE3285CF357000EED5D /* Assets.xcassets in Resources */ = {isa = PBXBuildFile; fileRef = 3C2CFAE2285CF357000EED5D /* Assets.xcassets */; };
		3C2CFAE6285CF357000EED5D /* Preview Assets.xcassets in Resources */ = {isa = PBXBuildFile; fileRef = 3C2CFAE5285CF357000EED5D /* Preview Assets.xcassets */; };
		3C2CFAED285CF37E000EED5D /* MainView.swift in Sources */ = {isa = PBXBuildFile; fileRef = 3C2CFAEC285CF37E000EED5D /* MainView.swift */; };
		3C2CFAEF285CF38D000EED5D /* CryptoModel.swift in Sources */ = {isa = PBXBuildFile; fileRef = 3C2CFAEE285CF38D000EED5D /* CryptoModel.swift */; };
		3C2CFAF1285CF394000EED5D /* FetchNFTApi.swift in Sources */ = {isa = PBXBuildFile; fileRef = 3C2CFAF0285CF394000EED5D /* FetchNFTApi.swift */; };
		3C8620F42876D3CF00D4FA1A /* AsyncIconUrlView.swift in Sources */ = {isa = PBXBuildFile; fileRef = 3C8620F32876D3CF00D4FA1A /* AsyncIconUrlView.swift */; };
		3C99C6A628648D83007A261E /* NftsView.swift in Sources */ = {isa = PBXBuildFile; fileRef = 3C99C6A528648D83007A261E /* NftsView.swift */; };
		3C99C6A828648EA0007A261E /* CryptoCurrencyListView.swift in Sources */ = {isa = PBXBuildFile; fileRef = 3C99C6A728648EA0007A261E /* CryptoCurrencyListView.swift */; };
		3C9C78CB2876D55300276962 /* NftDetailView.swift in Sources */ = {isa = PBXBuildFile; fileRef = 3C9C78CA2876D55300276962 /* NftDetailView.swift */; };
		3CA21783287ABA8D00511659 /* NftListRowCell.swift in Sources */ = {isa = PBXBuildFile; fileRef = 3CA21782287ABA8D00511659 /* NftListRowCell.swift */; };
		3CA78159287A05E000473EB8 /* SelectViewPickerView.swift in Sources */ = {isa = PBXBuildFile; fileRef = 3CA78158287A05E000473EB8 /* SelectViewPickerView.swift */; };
		3CA7815C287A063000473EB8 /* CryptoListRowCellView.swift in Sources */ = {isa = PBXBuildFile; fileRef = 3CA7815B287A063000473EB8 /* CryptoListRowCellView.swift */; };
		3CA7815E287A06B500473EB8 /* FavoriteNftsView.swift in Sources */ = {isa = PBXBuildFile; fileRef = 3CA7815D287A06B500473EB8 /* FavoriteNftsView.swift */; };
		3CA78161287A075100473EB8 /* FavoritesSheetView.swift in Sources */ = {isa = PBXBuildFile; fileRef = 3CA78160287A075100473EB8 /* FavoritesSheetView.swift */; };
		3CCCCFE32888915F00EACE9D /* Stickers.xcassets in Resources */ = {isa = PBXBuildFile; fileRef = 3CCCCFE22888915F00EACE9D /* Stickers.xcassets */; };
		3CCCCFE72888915F00EACE9D /* C4FStickers.appex in Embed Foundation Extensions */ = {isa = PBXBuildFile; fileRef = 3CCCCFE02888915E00EACE9D /* C4FStickers.appex */; settings = {ATTRIBUTES = (RemoveHeadersOnCopy, ); }; };
		3CD8C7AA285CFBDA004D65B9 /* AsyncImageView.swift in Sources */ = {isa = PBXBuildFile; fileRef = 3CD8C7A9285CFBDA004D65B9 /* AsyncImageView.swift */; };
		3CE98C24285DE24E00539190 /* EmptyView.swift in Sources */ = {isa = PBXBuildFile; fileRef = 3CE98C23285DE24E00539190 /* EmptyView.swift */; };
		3CFA2C042861D3960086BE36 /* ButtonModifier.swift in Sources */ = {isa = PBXBuildFile; fileRef = 3CFA2C032861D3960086BE36 /* ButtonModifier.swift */; };
		3CFA2C0B2861D6260086BE36 /* NegativeOrPositiveLast24hView.swift in Sources */ = {isa = PBXBuildFile; fileRef = 3CFA2C0A2861D6260086BE36 /* NegativeOrPositiveLast24hView.swift */; };
		3CFA2C0D2861D6B30086BE36 /* CurrencyPriceView.swift in Sources */ = {isa = PBXBuildFile; fileRef = 3CFA2C0C2861D6B30086BE36 /* CurrencyPriceView.swift */; };
		3CFA2C0F2861D6FA0086BE36 /* FavoriteDetailButtonView.swift in Sources */ = {isa = PBXBuildFile; fileRef = 3CFA2C0E2861D6FA0086BE36 /* FavoriteDetailButtonView.swift */; };
		3CFA2C112861D9460086BE36 /* DateExtension.swift in Sources */ = {isa = PBXBuildFile; fileRef = 3CFA2C102861D9460086BE36 /* DateExtension.swift */; };
		B3314EA2285DC77900BBFF4C /* FavoriteViewModel.swift in Sources */ = {isa = PBXBuildFile; fileRef = B3314EA1285DC77900BBFF4C /* FavoriteViewModel.swift */; };
		B3314EA5285DD03300BBFF4C /* FavoriteCryptoListView.swift in Sources */ = {isa = PBXBuildFile; fileRef = B3314EA4285DD03300BBFF4C /* FavoriteCryptoListView.swift */; };
		B3A64EC92875E52D002C8211 /* NFTModel.swift in Sources */ = {isa = PBXBuildFile; fileRef = B3A64EC82875E52D002C8211 /* NFTModel.swift */; };
		B3A64ECB287ABEE6002C8211 /* FavoriteNftsViewModel.swift in Sources */ = {isa = PBXBuildFile; fileRef = B3A64ECA287ABEE6002C8211 /* FavoriteNftsViewModel.swift */; };
/* End PBXBuildFile section */

/* Begin PBXContainerItemProxy section */
		3CCCCFE52888915F00EACE9D /* PBXContainerItemProxy */ = {
			isa = PBXContainerItemProxy;
			containerPortal = 3C2CFAD3285CF356000EED5D /* Project object */;
			proxyType = 1;
			remoteGlobalIDString = 3CCCCFDF2888915E00EACE9D;
			remoteInfo = C4FStickers;
		};
/* End PBXContainerItemProxy section */

/* Begin PBXCopyFilesBuildPhase section */
		3CCCCFE82888915F00EACE9D /* Embed Foundation Extensions */ = {
			isa = PBXCopyFilesBuildPhase;
			buildActionMask = 2147483647;
			dstPath = "";
			dstSubfolderSpec = 13;
			files = (
				3CCCCFE72888915F00EACE9D /* C4FStickers.appex in Embed Foundation Extensions */,
			);
			name = "Embed Foundation Extensions";
			runOnlyForDeploymentPostprocessing = 0;
		};
/* End PBXCopyFilesBuildPhase section */

/* Begin PBXFileReference section */
		3C098331285F964400E3C117 /* CurrencyChartView.swift */ = {isa = PBXFileReference; lastKnownFileType = sourcecode.swift; path = CurrencyChartView.swift; sourceTree = "<group>"; };
		3C0D9871287F560A000EDAD0 /* CryptoCurrencyApi.swift */ = {isa = PBXFileReference; lastKnownFileType = sourcecode.swift; path = CryptoCurrencyApi.swift; sourceTree = "<group>"; };
		3C0D9873287F5B32000EDAD0 /* FetchChartApi.swift */ = {isa = PBXFileReference; lastKnownFileType = sourcecode.swift; path = FetchChartApi.swift; sourceTree = "<group>"; };
		3C2724952872D85C00DAB17C /* StringExtension.swift */ = {isa = PBXFileReference; lastKnownFileType = sourcecode.swift; path = StringExtension.swift; sourceTree = "<group>"; };
		3C2724982872D89400DAB17C /* ChartModel.swift */ = {isa = PBXFileReference; lastKnownFileType = sourcecode.swift; path = ChartModel.swift; sourceTree = "<group>"; };
		3C27249A2872E96F00DAB17C /* ArticleModel.swift */ = {isa = PBXFileReference; lastKnownFileType = sourcecode.swift; path = ArticleModel.swift; sourceTree = "<group>"; };
		3C2CFADB285CF356000EED5D /* Crypto4Fun.app */ = {isa = PBXFileReference; explicitFileType = wrapper.application; includeInIndex = 0; path = Crypto4Fun.app; sourceTree = BUILT_PRODUCTS_DIR; };
		3C2CFADE285CF356000EED5D /* CryptoNoobApp.swift */ = {isa = PBXFileReference; lastKnownFileType = sourcecode.swift; path = CryptoNoobApp.swift; sourceTree = "<group>"; };
		3C2CFAE0285CF356000EED5D /* ContentView.swift */ = {isa = PBXFileReference; lastKnownFileType = sourcecode.swift; path = ContentView.swift; sourceTree = "<group>"; };
		3C2CFAE2285CF357000EED5D /* Assets.xcassets */ = {isa = PBXFileReference; lastKnownFileType = folder.assetcatalog; path = Assets.xcassets; sourceTree = "<group>"; };
		3C2CFAE5285CF357000EED5D /* Preview Assets.xcassets */ = {isa = PBXFileReference; lastKnownFileType = folder.assetcatalog; path = "Preview Assets.xcassets"; sourceTree = "<group>"; };
		3C2CFAEC285CF37E000EED5D /* MainView.swift */ = {isa = PBXFileReference; fileEncoding = 4; lastKnownFileType = sourcecode.swift; path = MainView.swift; sourceTree = "<group>"; };
		3C2CFAEE285CF38D000EED5D /* CryptoModel.swift */ = {isa = PBXFileReference; fileEncoding = 4; lastKnownFileType = sourcecode.swift; path = CryptoModel.swift; sourceTree = "<group>"; };
		3C2CFAF0285CF394000EED5D /* FetchNFTApi.swift */ = {isa = PBXFileReference; fileEncoding = 4; lastKnownFileType = sourcecode.swift; path = FetchNFTApi.swift; sourceTree = "<group>"; };
		3C8620F32876D3CF00D4FA1A /* AsyncIconUrlView.swift */ = {isa = PBXFileReference; lastKnownFileType = sourcecode.swift; path = AsyncIconUrlView.swift; sourceTree = "<group>"; };
		3C99C6A528648D83007A261E /* NftsView.swift */ = {isa = PBXFileReference; lastKnownFileType = sourcecode.swift; path = NftsView.swift; sourceTree = "<group>"; };
		3C99C6A728648EA0007A261E /* CryptoCurrencyListView.swift */ = {isa = PBXFileReference; lastKnownFileType = sourcecode.swift; path = CryptoCurrencyListView.swift; sourceTree = "<group>"; };
		3C9C78CA2876D55300276962 /* NftDetailView.swift */ = {isa = PBXFileReference; lastKnownFileType = sourcecode.swift; path = NftDetailView.swift; sourceTree = "<group>"; };
		3CA21782287ABA8D00511659 /* NftListRowCell.swift */ = {isa = PBXFileReference; lastKnownFileType = sourcecode.swift; path = NftListRowCell.swift; sourceTree = "<group>"; };
		3CA78158287A05E000473EB8 /* SelectViewPickerView.swift */ = {isa = PBXFileReference; lastKnownFileType = sourcecode.swift; path = SelectViewPickerView.swift; sourceTree = "<group>"; };
		3CA7815B287A063000473EB8 /* CryptoListRowCellView.swift */ = {isa = PBXFileReference; lastKnownFileType = sourcecode.swift; path = CryptoListRowCellView.swift; sourceTree = "<group>"; };
		3CA7815D287A06B500473EB8 /* FavoriteNftsView.swift */ = {isa = PBXFileReference; lastKnownFileType = sourcecode.swift; path = FavoriteNftsView.swift; sourceTree = "<group>"; };
		3CA78160287A075100473EB8 /* FavoritesSheetView.swift */ = {isa = PBXFileReference; lastKnownFileType = sourcecode.swift; path = FavoritesSheetView.swift; sourceTree = "<group>"; };
		3CCCCFE02888915E00EACE9D /* C4FStickers.appex */ = {isa = PBXFileReference; explicitFileType = "wrapper.app-extension"; includeInIndex = 0; path = C4FStickers.appex; sourceTree = BUILT_PRODUCTS_DIR; };
		3CCCCFE22888915F00EACE9D /* Stickers.xcassets */ = {isa = PBXFileReference; lastKnownFileType = folder.assetcatalog; path = Stickers.xcassets; sourceTree = "<group>"; };
		3CCCCFE42888915F00EACE9D /* Info.plist */ = {isa = PBXFileReference; lastKnownFileType = text.plist.xml; path = Info.plist; sourceTree = "<group>"; };
		3CD8C7A9285CFBDA004D65B9 /* AsyncImageView.swift */ = {isa = PBXFileReference; lastKnownFileType = sourcecode.swift; path = AsyncImageView.swift; sourceTree = "<group>"; };
		3CE98C23285DE24E00539190 /* EmptyView.swift */ = {isa = PBXFileReference; lastKnownFileType = sourcecode.swift; path = EmptyView.swift; sourceTree = "<group>"; };
		3CFA2C032861D3960086BE36 /* ButtonModifier.swift */ = {isa = PBXFileReference; lastKnownFileType = sourcecode.swift; path = ButtonModifier.swift; sourceTree = "<group>"; };
		3CFA2C0A2861D6260086BE36 /* NegativeOrPositiveLast24hView.swift */ = {isa = PBXFileReference; lastKnownFileType = sourcecode.swift; path = NegativeOrPositiveLast24hView.swift; sourceTree = "<group>"; };
		3CFA2C0C2861D6B30086BE36 /* CurrencyPriceView.swift */ = {isa = PBXFileReference; lastKnownFileType = sourcecode.swift; path = CurrencyPriceView.swift; sourceTree = "<group>"; };
		3CFA2C0E2861D6FA0086BE36 /* FavoriteDetailButtonView.swift */ = {isa = PBXFileReference; lastKnownFileType = sourcecode.swift; path = FavoriteDetailButtonView.swift; sourceTree = "<group>"; };
		3CFA2C102861D9460086BE36 /* DateExtension.swift */ = {isa = PBXFileReference; lastKnownFileType = sourcecode.swift; path = DateExtension.swift; sourceTree = "<group>"; };
		B3314EA1285DC77900BBFF4C /* FavoriteViewModel.swift */ = {isa = PBXFileReference; lastKnownFileType = sourcecode.swift; path = FavoriteViewModel.swift; sourceTree = "<group>"; };
		B3314EA4285DD03300BBFF4C /* FavoriteCryptoListView.swift */ = {isa = PBXFileReference; lastKnownFileType = sourcecode.swift; path = FavoriteCryptoListView.swift; sourceTree = "<group>"; };
		B3A64EC82875E52D002C8211 /* NFTModel.swift */ = {isa = PBXFileReference; lastKnownFileType = sourcecode.swift; path = NFTModel.swift; sourceTree = "<group>"; };
		B3A64ECA287ABEE6002C8211 /* FavoriteNftsViewModel.swift */ = {isa = PBXFileReference; lastKnownFileType = sourcecode.swift; path = FavoriteNftsViewModel.swift; sourceTree = "<group>"; };
/* End PBXFileReference section */

/* Begin PBXFrameworksBuildPhase section */
		3C2CFAD8285CF356000EED5D /* Frameworks */ = {
			isa = PBXFrameworksBuildPhase;
			buildActionMask = 2147483647;
			files = (
			);
			runOnlyForDeploymentPostprocessing = 0;
		};
/* End PBXFrameworksBuildPhase section */

/* Begin PBXGroup section */
		3C2724972872D87500DAB17C /* Extension */ = {
			isa = PBXGroup;
			children = (
				3CFA2C102861D9460086BE36 /* DateExtension.swift */,
				3C2724952872D85C00DAB17C /* StringExtension.swift */,
			);
			path = Extension;
			sourceTree = "<group>";
		};
		3C2CFAD2285CF356000EED5D = {
			isa = PBXGroup;
			children = (
				3C2CFADD285CF356000EED5D /* CryptoNoob */,
				3CCCCFE12888915E00EACE9D /* C4FStickers */,
				3C2CFADC285CF356000EED5D /* Products */,
			);
			sourceTree = "<group>";
		};
		3C2CFADC285CF356000EED5D /* Products */ = {
			isa = PBXGroup;
			children = (
				3C2CFADB285CF356000EED5D /* Crypto4Fun.app */,
				3CCCCFE02888915E00EACE9D /* C4FStickers.appex */,
			);
			name = Products;
			sourceTree = "<group>";
		};
		3C2CFADD285CF356000EED5D /* CryptoNoob */ = {
			isa = PBXGroup;
			children = (
				3C2CFADE285CF356000EED5D /* CryptoNoobApp.swift */,
				B3314EA3285DC78600BBFF4C /* ViewModel */,
				3CD8C7AB285D00D0004D65B9 /* View */,
				3CD8C7AC285D00DC004D65B9 /* Model */,
				3CD8C7AD285D00E6004D65B9 /* Api */,
				3C2724972872D87500DAB17C /* Extension */,
				3C2CFAE2285CF357000EED5D /* Assets.xcassets */,
				3C2CFAE4285CF357000EED5D /* Preview Content */,
			);
			path = CryptoNoob;
			sourceTree = "<group>";
		};
		3C2CFAE4285CF357000EED5D /* Preview Content */ = {
			isa = PBXGroup;
			children = (
				3C2CFAE5285CF357000EED5D /* Preview Assets.xcassets */,
			);
			path = "Preview Content";
			sourceTree = "<group>";
		};
		3CA21781287AB9C700511659 /* Detail */ = {
			isa = PBXGroup;
			children = (
				3C098331285F964400E3C117 /* CurrencyChartView.swift */,
				3C9C78CA2876D55300276962 /* NftDetailView.swift */,
			);
			path = Detail;
			sourceTree = "<group>";
		};
		3CA21784287ABB2F00511659 /* AsyncImage */ = {
			isa = PBXGroup;
			children = (
				3CD8C7A9285CFBDA004D65B9 /* AsyncImageView.swift */,
				3C8620F32876D3CF00D4FA1A /* AsyncIconUrlView.swift */,
			);
			path = AsyncImage;
			sourceTree = "<group>";
		};
		3CA7815A287A060C00473EB8 /* ExtractedView */ = {
			isa = PBXGroup;
			children = (
				3CE98C23285DE24E00539190 /* EmptyView.swift */,
				3CA78158287A05E000473EB8 /* SelectViewPickerView.swift */,
			);
			path = ExtractedView;
			sourceTree = "<group>";
		};
		3CA7815F287A06C000473EB8 /* FavoritesView */ = {
			isa = PBXGroup;
			children = (
				3CA78160287A075100473EB8 /* FavoritesSheetView.swift */,
				3CA7815D287A06B500473EB8 /* FavoriteNftsView.swift */,
				B3314EA4285DD03300BBFF4C /* FavoriteCryptoListView.swift */,
			);
			path = FavoritesView;
			sourceTree = "<group>";
		};
		3CCCCFE12888915E00EACE9D /* C4FStickers */ = {
			isa = PBXGroup;
			children = (
				3CCCCFE22888915F00EACE9D /* Stickers.xcassets */,
				3CCCCFE42888915F00EACE9D /* Info.plist */,
			);
			path = C4FStickers;
			sourceTree = "<group>";
		};
		3CD8C7AB285D00D0004D65B9 /* View */ = {
			isa = PBXGroup;
			children = (
				3C2CFAE0285CF356000EED5D /* ContentView.swift */,
				3C2CFAEC285CF37E000EED5D /* MainView.swift */,
				3C99C6A728648EA0007A261E /* CryptoCurrencyListView.swift */,
				3C99C6A528648D83007A261E /* NftsView.swift */,
				3CA21781287AB9C700511659 /* Detail */,
				3CA7815F287A06C000473EB8 /* FavoritesView */,
				3CA7815A287A060C00473EB8 /* ExtractedView */,
				3CA21784287ABB2F00511659 /* AsyncImage */,
				3CFA2C052861D4420086BE36 /* ViewModifier */,
				3CD8C7AE285D0278004D65B9 /* Cell */,
			);
			path = View;
			sourceTree = "<group>";
		};
		3CD8C7AC285D00DC004D65B9 /* Model */ = {
			isa = PBXGroup;
			children = (
				3C2CFAEE285CF38D000EED5D /* CryptoModel.swift */,
				3C2724982872D89400DAB17C /* ChartModel.swift */,
				3C27249A2872E96F00DAB17C /* ArticleModel.swift */,
				B3A64EC82875E52D002C8211 /* NFTModel.swift */,
			);
			path = Model;
			sourceTree = "<group>";
		};
		3CD8C7AD285D00E6004D65B9 /* Api */ = {
			isa = PBXGroup;
			children = (
				3C2CFAF0285CF394000EED5D /* FetchNFTApi.swift */,
				3C0D9873287F5B32000EDAD0 /* FetchChartApi.swift */,
				3C0D9871287F560A000EDAD0 /* CryptoCurrencyApi.swift */,
			);
			path = Api;
			sourceTree = "<group>";
		};
		3CD8C7AE285D0278004D65B9 /* Cell */ = {
			isa = PBXGroup;
			children = (
				3CA21782287ABA8D00511659 /* NftListRowCell.swift */,
				3CA7815B287A063000473EB8 /* CryptoListRowCellView.swift */,
				3CFA2C0E2861D6FA0086BE36 /* FavoriteDetailButtonView.swift */,
				3CFA2C0C2861D6B30086BE36 /* CurrencyPriceView.swift */,
				3CFA2C0A2861D6260086BE36 /* NegativeOrPositiveLast24hView.swift */,
			);
			path = Cell;
			sourceTree = "<group>";
		};
		3CFA2C052861D4420086BE36 /* ViewModifier */ = {
			isa = PBXGroup;
			children = (
				3CFA2C032861D3960086BE36 /* ButtonModifier.swift */,
			);
			path = ViewModifier;
			sourceTree = "<group>";
		};
		B3314EA3285DC78600BBFF4C /* ViewModel */ = {
			isa = PBXGroup;
			children = (
				B3314EA1285DC77900BBFF4C /* FavoriteViewModel.swift */,
				B3A64ECA287ABEE6002C8211 /* FavoriteNftsViewModel.swift */,
			);
			path = ViewModel;
			sourceTree = "<group>";
		};
/* End PBXGroup section */

/* Begin PBXNativeTarget section */
		3C2CFADA285CF356000EED5D /* Crypto4Fun */ = {
			isa = PBXNativeTarget;
			buildConfigurationList = 3C2CFAE9285CF357000EED5D /* Build configuration list for PBXNativeTarget "Crypto4Fun" */;
			buildPhases = (
				3C2CFAD7285CF356000EED5D /* Sources */,
				3C2CFAD8285CF356000EED5D /* Frameworks */,
				3C2CFAD9285CF356000EED5D /* Resources */,
				3CCCCFE82888915F00EACE9D /* Embed Foundation Extensions */,
			);
			buildRules = (
			);
			dependencies = (
				3CCCCFE62888915F00EACE9D /* PBXTargetDependency */,
			);
			name = Crypto4Fun;
			productName = CryptoNoob;
			productReference = 3C2CFADB285CF356000EED5D /* Crypto4Fun.app */;
			productType = "com.apple.product-type.application";
		};
		3CCCCFDF2888915E00EACE9D /* C4FStickers */ = {
			isa = PBXNativeTarget;
			buildConfigurationList = 3CCCCFEB2888915F00EACE9D /* Build configuration list for PBXNativeTarget "C4FStickers" */;
			buildPhases = (
				3CCCCFDE2888915E00EACE9D /* Resources */,
			);
			buildRules = (
			);
			dependencies = (
			);
			name = C4FStickers;
			productName = C4FStickers;
			productReference = 3CCCCFE02888915E00EACE9D /* C4FStickers.appex */;
			productType = "com.apple.product-type.app-extension.messages-sticker-pack";
		};
/* End PBXNativeTarget section */

/* Begin PBXProject section */
		3C2CFAD3285CF356000EED5D /* Project object */ = {
			isa = PBXProject;
			attributes = {
				BuildIndependentTargetsInParallel = 1;
				LastSwiftUpdateCheck = 1340;
				LastUpgradeCheck = 1340;
				TargetAttributes = {
					3C2CFADA285CF356000EED5D = {
						CreatedOnToolsVersion = 13.4.1;
					};
					3CCCCFDF2888915E00EACE9D = {
						CreatedOnToolsVersion = 14.0;
					};
				};
			};
			buildConfigurationList = 3C2CFAD6285CF356000EED5D /* Build configuration list for PBXProject "Crypto4Fun" */;
			compatibilityVersion = "Xcode 13.0";
			developmentRegion = en;
			hasScannedForEncodings = 0;
			knownRegions = (
				en,
				Base,
			);
			mainGroup = 3C2CFAD2285CF356000EED5D;
			productRefGroup = 3C2CFADC285CF356000EED5D /* Products */;
			projectDirPath = "";
			projectRoot = "";
			targets = (
				3C2CFADA285CF356000EED5D /* Crypto4Fun */,
				3CCCCFDF2888915E00EACE9D /* C4FStickers */,
			);
		};
/* End PBXProject section */

/* Begin PBXResourcesBuildPhase section */
		3C2CFAD9285CF356000EED5D /* Resources */ = {
			isa = PBXResourcesBuildPhase;
			buildActionMask = 2147483647;
			files = (
				3C2CFAE6285CF357000EED5D /* Preview Assets.xcassets in Resources */,
				3C2CFAE3285CF357000EED5D /* Assets.xcassets in Resources */,
			);
			runOnlyForDeploymentPostprocessing = 0;
		};
		3CCCCFDE2888915E00EACE9D /* Resources */ = {
			isa = PBXResourcesBuildPhase;
			buildActionMask = 2147483647;
			files = (
				3CCCCFE32888915F00EACE9D /* Stickers.xcassets in Resources */,
			);
			runOnlyForDeploymentPostprocessing = 0;
		};
/* End PBXResourcesBuildPhase section */

/* Begin PBXSourcesBuildPhase section */
		3C2CFAD7285CF356000EED5D /* Sources */ = {
			isa = PBXSourcesBuildPhase;
			buildActionMask = 2147483647;
			files = (
				3C2CFAE1285CF356000EED5D /* ContentView.swift in Sources */,
				3CFA2C112861D9460086BE36 /* DateExtension.swift in Sources */,
				3CA78159287A05E000473EB8 /* SelectViewPickerView.swift in Sources */,
				3C098332285F964400E3C117 /* CurrencyChartView.swift in Sources */,
				B3314EA5285DD03300BBFF4C /* FavoriteCryptoListView.swift in Sources */,
				3C2CFAED285CF37E000EED5D /* MainView.swift in Sources */,
				3C2CFAEF285CF38D000EED5D /* CryptoModel.swift in Sources */,
				3CA78161287A075100473EB8 /* FavoritesSheetView.swift in Sources */,
				3C27249B2872E96F00DAB17C /* ArticleModel.swift in Sources */,
				3CFA2C0F2861D6FA0086BE36 /* FavoriteDetailButtonView.swift in Sources */,
				3C2CFADF285CF356000EED5D /* CryptoNoobApp.swift in Sources */,
				3C9C78CB2876D55300276962 /* NftDetailView.swift in Sources */,
				3C2724992872D89400DAB17C /* ChartModel.swift in Sources */,
				3CFA2C0D2861D6B30086BE36 /* CurrencyPriceView.swift in Sources */,
				3CE98C24285DE24E00539190 /* EmptyView.swift in Sources */,
				B3A64EC92875E52D002C8211 /* NFTModel.swift in Sources */,
				3CA7815C287A063000473EB8 /* CryptoListRowCellView.swift in Sources */,
				3C2CFAF1285CF394000EED5D /* FetchNFTApi.swift in Sources */,
				3CA7815E287A06B500473EB8 /* FavoriteNftsView.swift in Sources */,
				3CA21783287ABA8D00511659 /* NftListRowCell.swift in Sources */,
				3C99C6A828648EA0007A261E /* CryptoCurrencyListView.swift in Sources */,
				B3314EA2285DC77900BBFF4C /* FavoriteViewModel.swift in Sources */,
				B3A64ECB287ABEE6002C8211 /* FavoriteNftsViewModel.swift in Sources */,
				3CFA2C042861D3960086BE36 /* ButtonModifier.swift in Sources */,
				3C2724962872D85C00DAB17C /* StringExtension.swift in Sources */,
				3CFA2C0B2861D6260086BE36 /* NegativeOrPositiveLast24hView.swift in Sources */,
				3C0D9872287F560A000EDAD0 /* CryptoCurrencyApi.swift in Sources */,
				3CD8C7AA285CFBDA004D65B9 /* AsyncImageView.swift in Sources */,
				3C8620F42876D3CF00D4FA1A /* AsyncIconUrlView.swift in Sources */,
				3C0D9874287F5B32000EDAD0 /* FetchChartApi.swift in Sources */,
				3C99C6A628648D83007A261E /* NftsView.swift in Sources */,
			);
			runOnlyForDeploymentPostprocessing = 0;
		};
/* End PBXSourcesBuildPhase section */

/* Begin PBXTargetDependency section */
		3CCCCFE62888915F00EACE9D /* PBXTargetDependency */ = {
			isa = PBXTargetDependency;
			target = 3CCCCFDF2888915E00EACE9D /* C4FStickers */;
			targetProxy = 3CCCCFE52888915F00EACE9D /* PBXContainerItemProxy */;
		};
/* End PBXTargetDependency section */

/* Begin XCBuildConfiguration section */
		3C2CFAE7285CF357000EED5D /* Debug */ = {
			isa = XCBuildConfiguration;
			buildSettings = {
				ALWAYS_SEARCH_USER_PATHS = NO;
				CLANG_ANALYZER_NONNULL = YES;
				CLANG_ANALYZER_NUMBER_OBJECT_CONVERSION = YES_AGGRESSIVE;
				CLANG_CXX_LANGUAGE_STANDARD = "gnu++17";
				CLANG_ENABLE_MODULES = YES;
				CLANG_ENABLE_OBJC_ARC = YES;
				CLANG_ENABLE_OBJC_WEAK = YES;
				CLANG_WARN_BLOCK_CAPTURE_AUTORELEASING = YES;
				CLANG_WARN_BOOL_CONVERSION = YES;
				CLANG_WARN_COMMA = YES;
				CLANG_WARN_CONSTANT_CONVERSION = YES;
				CLANG_WARN_DEPRECATED_OBJC_IMPLEMENTATIONS = YES;
				CLANG_WARN_DIRECT_OBJC_ISA_USAGE = YES_ERROR;
				CLANG_WARN_DOCUMENTATION_COMMENTS = YES;
				CLANG_WARN_EMPTY_BODY = YES;
				CLANG_WARN_ENUM_CONVERSION = YES;
				CLANG_WARN_INFINITE_RECURSION = YES;
				CLANG_WARN_INT_CONVERSION = YES;
				CLANG_WARN_NON_LITERAL_NULL_CONVERSION = YES;
				CLANG_WARN_OBJC_IMPLICIT_RETAIN_SELF = YES;
				CLANG_WARN_OBJC_LITERAL_CONVERSION = YES;
				CLANG_WARN_OBJC_ROOT_CLASS = YES_ERROR;
				CLANG_WARN_QUOTED_INCLUDE_IN_FRAMEWORK_HEADER = YES;
				CLANG_WARN_RANGE_LOOP_ANALYSIS = YES;
				CLANG_WARN_STRICT_PROTOTYPES = YES;
				CLANG_WARN_SUSPICIOUS_MOVE = YES;
				CLANG_WARN_UNGUARDED_AVAILABILITY = YES_AGGRESSIVE;
				CLANG_WARN_UNREACHABLE_CODE = YES;
				CLANG_WARN__DUPLICATE_METHOD_MATCH = YES;
				COPY_PHASE_STRIP = NO;
				DEBUG_INFORMATION_FORMAT = dwarf;
				DSTROOT = /tmp/$Crypto4Fun.dst;
				ENABLE_STRICT_OBJC_MSGSEND = YES;
				ENABLE_TESTABILITY = YES;
				GCC_C_LANGUAGE_STANDARD = gnu11;
				GCC_DYNAMIC_NO_PIC = NO;
				GCC_NO_COMMON_BLOCKS = YES;
				GCC_OPTIMIZATION_LEVEL = 0;
				GCC_PREPROCESSOR_DEFINITIONS = (
					"DEBUG=1",
					"$(inherited)",
				);
				GCC_WARN_64_TO_32_BIT_CONVERSION = YES;
				GCC_WARN_ABOUT_RETURN_TYPE = YES_ERROR;
				GCC_WARN_UNDECLARED_SELECTOR = YES;
				GCC_WARN_UNINITIALIZED_AUTOS = YES_AGGRESSIVE;
				GCC_WARN_UNUSED_FUNCTION = YES;
				GCC_WARN_UNUSED_VARIABLE = YES;
				IPHONEOS_DEPLOYMENT_TARGET = 16.0;
				MTL_ENABLE_DEBUG_INFO = INCLUDE_SOURCE;
				MTL_FAST_MATH = YES;
				ONLY_ACTIVE_ARCH = YES;
				SDKROOT = iphoneos;
				SWIFT_ACTIVE_COMPILATION_CONDITIONS = DEBUG;
				SWIFT_OPTIMIZATION_LEVEL = "-Onone";
			};
			name = Debug;
		};
		3C2CFAE8285CF357000EED5D /* Release */ = {
			isa = XCBuildConfiguration;
			buildSettings = {
				ALWAYS_SEARCH_USER_PATHS = NO;
				CLANG_ANALYZER_NONNULL = YES;
				CLANG_ANALYZER_NUMBER_OBJECT_CONVERSION = YES_AGGRESSIVE;
				CLANG_CXX_LANGUAGE_STANDARD = "gnu++17";
				CLANG_ENABLE_MODULES = YES;
				CLANG_ENABLE_OBJC_ARC = YES;
				CLANG_ENABLE_OBJC_WEAK = YES;
				CLANG_WARN_BLOCK_CAPTURE_AUTORELEASING = YES;
				CLANG_WARN_BOOL_CONVERSION = YES;
				CLANG_WARN_COMMA = YES;
				CLANG_WARN_CONSTANT_CONVERSION = YES;
				CLANG_WARN_DEPRECATED_OBJC_IMPLEMENTATIONS = YES;
				CLANG_WARN_DIRECT_OBJC_ISA_USAGE = YES_ERROR;
				CLANG_WARN_DOCUMENTATION_COMMENTS = YES;
				CLANG_WARN_EMPTY_BODY = YES;
				CLANG_WARN_ENUM_CONVERSION = YES;
				CLANG_WARN_INFINITE_RECURSION = YES;
				CLANG_WARN_INT_CONVERSION = YES;
				CLANG_WARN_NON_LITERAL_NULL_CONVERSION = YES;
				CLANG_WARN_OBJC_IMPLICIT_RETAIN_SELF = YES;
				CLANG_WARN_OBJC_LITERAL_CONVERSION = YES;
				CLANG_WARN_OBJC_ROOT_CLASS = YES_ERROR;
				CLANG_WARN_QUOTED_INCLUDE_IN_FRAMEWORK_HEADER = YES;
				CLANG_WARN_RANGE_LOOP_ANALYSIS = YES;
				CLANG_WARN_STRICT_PROTOTYPES = YES;
				CLANG_WARN_SUSPICIOUS_MOVE = YES;
				CLANG_WARN_UNGUARDED_AVAILABILITY = YES_AGGRESSIVE;
				CLANG_WARN_UNREACHABLE_CODE = YES;
				CLANG_WARN__DUPLICATE_METHOD_MATCH = YES;
				COPY_PHASE_STRIP = NO;
				DEBUG_INFORMATION_FORMAT = "dwarf-with-dsym";
				ENABLE_NS_ASSERTIONS = NO;
				ENABLE_STRICT_OBJC_MSGSEND = YES;
				GCC_C_LANGUAGE_STANDARD = gnu11;
				GCC_NO_COMMON_BLOCKS = YES;
				GCC_WARN_64_TO_32_BIT_CONVERSION = YES;
				GCC_WARN_ABOUT_RETURN_TYPE = YES_ERROR;
				GCC_WARN_UNDECLARED_SELECTOR = YES;
				GCC_WARN_UNINITIALIZED_AUTOS = YES_AGGRESSIVE;
				GCC_WARN_UNUSED_FUNCTION = YES;
				GCC_WARN_UNUSED_VARIABLE = YES;
				IPHONEOS_DEPLOYMENT_TARGET = 16.0;
				MTL_ENABLE_DEBUG_INFO = NO;
				MTL_FAST_MATH = YES;
				SDKROOT = iphoneos;
				SWIFT_COMPILATION_MODE = wholemodule;
				SWIFT_OPTIMIZATION_LEVEL = "-O";
				VALIDATE_PRODUCT = YES;
			};
			name = Release;
		};
		3C2CFAEA285CF357000EED5D /* Debug */ = {
			isa = XCBuildConfiguration;
			buildSettings = {
				ASSETCATALOG_COMPILER_APPICON_NAME = AppIcon;
				ASSETCATALOG_COMPILER_GLOBAL_ACCENT_COLOR_NAME = AccentColor;
				ASSETCATALOG_COMPILER_INCLUDE_ALL_APPICON_ASSETS = NO;
				CODE_SIGN_STYLE = Automatic;
				CURRENT_PROJECT_VERSION = 1;
				DEVELOPMENT_ASSET_PATHS = "\"CryptoNoob/Preview Content\"";
				DEVELOPMENT_TEAM = 99M75C322U;
				ENABLE_PREVIEWS = YES;
				GENERATE_INFOPLIST_FILE = YES;
				INFOPLIST_FILE = CryptoNoob/Info.plist;
				INFOPLIST_KEY_LSApplicationCategoryType = "public.app-category.finance";
				INFOPLIST_KEY_UIApplicationSceneManifest_Generation = YES;
				INFOPLIST_KEY_UIApplicationSupportsIndirectInputEvents = YES;
				INFOPLIST_KEY_UILaunchScreen_Generation = YES;
				INFOPLIST_KEY_UISupportedInterfaceOrientations = "UIInterfaceOrientationLandscapeLeft UIInterfaceOrientationLandscapeRight UIInterfaceOrientationPortrait UIInterfaceOrientationPortraitUpsideDown";
				IPHONEOS_DEPLOYMENT_TARGET = 16.0;
				LD_RUNPATH_SEARCH_PATHS = (
					"$(inherited)",
					"@executable_path/Frameworks",
				);
				MARKETING_VERSION = 1.0;
				PRODUCT_BUNDLE_IDENTIFIER = com.knight.elliot.Crypto4Fun;
				PRODUCT_NAME = "$(TARGET_NAME)";
				SWIFT_EMIT_LOC_STRINGS = YES;
				SWIFT_VERSION = 5.0;
				TARGETED_DEVICE_FAMILY = "1,2";
			};
			name = Debug;
		};
		3C2CFAEB285CF357000EED5D /* Release */ = {
			isa = XCBuildConfiguration;
			buildSettings = {
				ASSETCATALOG_COMPILER_APPICON_NAME = AppIcon;
				ASSETCATALOG_COMPILER_GLOBAL_ACCENT_COLOR_NAME = AccentColor;
				ASSETCATALOG_COMPILER_INCLUDE_ALL_APPICON_ASSETS = NO;
				CODE_SIGN_STYLE = Automatic;
				CURRENT_PROJECT_VERSION = 1;
				DEVELOPMENT_ASSET_PATHS = "\"CryptoNoob/Preview Content\"";
				DEVELOPMENT_TEAM = 99M75C322U;
				ENABLE_PREVIEWS = YES;
				GENERATE_INFOPLIST_FILE = YES;
				INFOPLIST_FILE = CryptoNoob/Info.plist;
				INFOPLIST_KEY_LSApplicationCategoryType = "public.app-category.finance";
				INFOPLIST_KEY_UIApplicationSceneManifest_Generation = YES;
				INFOPLIST_KEY_UIApplicationSupportsIndirectInputEvents = YES;
				INFOPLIST_KEY_UILaunchScreen_Generation = YES;
				INFOPLIST_KEY_UISupportedInterfaceOrientations = "UIInterfaceOrientationLandscapeLeft UIInterfaceOrientationLandscapeRight UIInterfaceOrientationPortrait UIInterfaceOrientationPortraitUpsideDown";
				IPHONEOS_DEPLOYMENT_TARGET = 16.0;
				LD_RUNPATH_SEARCH_PATHS = (
					"$(inherited)",
					"@executable_path/Frameworks",
				);
				MARKETING_VERSION = 1.0;
				PRODUCT_BUNDLE_IDENTIFIER = com.knight.elliot.Crypto4Fun;
				PRODUCT_NAME = "$(TARGET_NAME)";
				SWIFT_EMIT_LOC_STRINGS = YES;
				SWIFT_VERSION = 5.0;
				TARGETED_DEVICE_FAMILY = "1,2";
			};
			name = Release;
		};
		3CCCCFE92888915F00EACE9D /* Debug */ = {
			isa = XCBuildConfiguration;
			buildSettings = {
				ASSETCATALOG_COMPILER_APPICON_NAME = "iMessage App Icon";
				CLANG_CXX_LANGUAGE_STANDARD = "gnu++20";
				CODE_SIGN_STYLE = Automatic;
				CURRENT_PROJECT_VERSION = 1;
				DEVELOPMENT_TEAM = 99M75C322U;
				GENERATE_INFOPLIST_FILE = YES;
				INFOPLIST_FILE = C4FStickers/Info.plist;
				IPHONEOS_DEPLOYMENT_TARGET = 16.0;
				MARKETING_VERSION = 1.0;
				PRODUCT_BUNDLE_IDENTIFIER = com.knight.elliot.Crypto4Fun.C4FStickers;
				PRODUCT_NAME = "$(TARGET_NAME)";
				SKIP_INSTALL = YES;
				SWIFT_EMIT_LOC_STRINGS = YES;
				TARGETED_DEVICE_FAMILY = "1,2";
			};
			name = Debug;
		};
		3CCCCFEA2888915F00EACE9D /* Release */ = {
			isa = XCBuildConfiguration;
			buildSettings = {
				ASSETCATALOG_COMPILER_APPICON_NAME = "iMessage App Icon";
				CLANG_CXX_LANGUAGE_STANDARD = "gnu++20";
				CODE_SIGN_STYLE = Automatic;
				CURRENT_PROJECT_VERSION = 1;
				DEVELOPMENT_TEAM = 99M75C322U;
				GENERATE_INFOPLIST_FILE = YES;
				INFOPLIST_FILE = C4FStickers/Info.plist;
				IPHONEOS_DEPLOYMENT_TARGET = 16.0;
				MARKETING_VERSION = 1.0;
				PRODUCT_BUNDLE_IDENTIFIER = com.knight.elliot.Crypto4Fun.C4FStickers;
				PRODUCT_NAME = "$(TARGET_NAME)";
				SKIP_INSTALL = YES;
				SWIFT_EMIT_LOC_STRINGS = YES;
				TARGETED_DEVICE_FAMILY = "1,2";
			};
			name = Release;
		};
/* End XCBuildConfiguration section */

/* Begin XCConfigurationList section */
		3C2CFAD6285CF356000EED5D /* Build configuration list for PBXProject "Crypto4Fun" */ = {
			isa = XCConfigurationList;
			buildConfigurations = (
				3C2CFAE7285CF357000EED5D /* Debug */,
				3C2CFAE8285CF357000EED5D /* Release */,
			);
			defaultConfigurationIsVisible = 0;
			defaultConfigurationName = Release;
		};
		3C2CFAE9285CF357000EED5D /* Build configuration list for PBXNativeTarget "Crypto4Fun" */ = {
			isa = XCConfigurationList;
			buildConfigurations = (
				3C2CFAEA285CF357000EED5D /* Debug */,
				3C2CFAEB285CF357000EED5D /* Release */,
			);
			defaultConfigurationIsVisible = 0;
			defaultConfigurationName = Release;
		};
		3CCCCFEB2888915F00EACE9D /* Build configuration list for PBXNativeTarget "C4FStickers" */ = {
			isa = XCConfigurationList;
			buildConfigurations = (
				3CCCCFE92888915F00EACE9D /* Debug */,
				3CCCCFEA2888915F00EACE9D /* Release */,
			);
			defaultConfigurationIsVisible = 0;
			defaultConfigurationName = Release;
		};
/* End XCConfigurationList section */
	};
	rootObject = 3C2CFAD3285CF356000EED5D /* Project object */;
}
