{
  "pins" : [
    {
      "identity" : "crypto4funkit",
      "kind" : "remoteSourceControl",
      "location" : "https://github.com/Harry-KNIGHT/Crypto4FunKit",
      "state" : {
        "branch" : "main",
        "revision" : "0c7120201438400e3a0882d81b1f3cfce71da8fd"
      }
    }
  ],
  "version" : 2
}
