{
  "pins" : [
    {
      "identity" : "crypto4funkit",
      "kind" : "remoteSourceControl",
      "location" : "https://github.com/Harry-KNIGHT/Crypto4FunKit",
      "state" : {
        "branch" : "main",
        "revision" : "bfb9099408b7cdc8e2617a1b6bde81dda504cbab"
      }
    }
  ],
  "version" : 2
}
